
Microsoft Visual Studio Solution File, Format Version 12.00
# Visual Studio Version 16
VisualStudioVersion = 16.0.32002.261
MinimumVisualStudioVersion = 10.0.40219.1
Project("{FAE04EC0-301F-11D3-BF4B-00C04F79EFBC}") = "TimeSheet", "TimeSheet\TimeSheet.csproj", "{FBFB9209-BFB2-4D5F-BDC2-DC87DBE433D0}"
EndProject
Project("{FAE04EC0-301F-11D3-BF4B-00C04F79EFBC}") = "CheckingTFSTimeUtilit", "CheckingTFSTimeUtilit\CheckingTFSTimeUtilit.csproj", "{45A7EBE3-FB3C-45BA-B3A6-13DADA932D7F}"
EndProject
Global
	GlobalSection(SolutionConfigurationPlatforms) = preSolution
		Debug|Any CPU = Debug|Any CPU
		Release|Any CPU = Release|Any CPU
	EndGlobalSection
	GlobalSection(ProjectConfigurationPlatforms) = postSolution
		{FBFB9209-BFB2-4D5F-BDC2-DC87DBE433D0}.Debug|Any CPU.ActiveCfg = Debug|Any CPU
		{FBFB9209-BFB2-4D5F-BDC2-DC87DBE433D0}.Debug|Any CPU.Build.0 = Debug|Any CPU
		{FBFB9209-BFB2-4D5F-BDC2-DC87DBE433D0}.Release|Any CPU.ActiveCfg = Release|Any CPU
		{FBFB9209-BFB2-4D5F-BDC2-DC87DBE433D0}.Release|Any CPU.Build.0 = Release|Any CPU
		{45A7EBE3-FB3C-45BA-B3A6-13DADA932D7F}.Debug|Any CPU.ActiveCfg = Debug|Any CPU
		{45A7EBE3-FB3C-45BA-B3A6-13DADA932D7F}.Debug|Any CPU.Build.0 = Debug|Any CPU
		{45A7EBE3-FB3C-45BA-B3A6-13DADA932D7F}.Release|Any CPU.ActiveCfg = Release|Any CPU
		{45A7EBE3-FB3C-45BA-B3A6-13DADA932D7F}.Release|Any CPU.Build.0 = Release|Any CPU
	EndGlobalSection
	GlobalSection(SolutionProperties) = preSolution
		HideSolutionNode = FALSE
	EndGlobalSection
	GlobalSection(ExtensibilityGlobals) = postSolution
		SolutionGuid = {43CD0826-892F-4745-84F1-3514A22A5BE1}
	EndGlobalSection
EndGlobal
